{
  "name": "DatingApp",
  "lockfileVersion": 3,
  "requires": true,
  "packages": {
    "": {
      "dependencies": {
        "ng2-file-upload": "^4.0.0"
      }
    },
    "node_modules/ng2-file-upload": {
      "version": "4.0.0",
      "resolved": "https://registry.npmjs.org/ng2-file-upload/-/ng2-file-upload-4.0.0.tgz",
      "integrity": "sha512-xwfTjMb6Sbte52vaMlDkFu3XeaAv4NU3iwvpMT0XpWNdCYu4YWdqwnuA7rMATjZROpAoSP5SXgzYgdeZW0tsrw==",
      "dependencies": {
        "tslib": "^2.3.0"
      },
      "peerDependencies": {
        "@angular/common": "^15.0.0",
        "@angular/core": "^15.0.0"
      }
    },
    "node_modules/tslib": {
      "version": "2.5.0",
      "resolved": "https://registry.npmjs.org/tslib/-/tslib-2.5.0.tgz",
      "integrity": "sha512-336iVw3rtn2BUK7ORdIAHTyxHGRIHVReokCR3XjbckJMK7ms8FysBfhLR8IXnAgy7T0PTPNBWKiH514FOW/WSg=="
    }
  }
}
